
Microsoft Visual Studio Solution File, Format Version 12.00
# Visual Studio 15
VisualStudioVersion = 15.0.27703.2042
MinimumVisualStudioVersion = 10.0.40219.1
Project("{8BC9CEB8-8B4A-11D0-8D11-00A0C91BC942}") = "CharsetDetect", "CharsetDetect\CharsetDetect.vcxproj", "{F47B7EEA-8CFD-4E87-BDE3-86A0AD0695CF}"
	ProjectSection(ProjectDependencies) = postProject
		{20857974-1AE4-4FE9-8C37-0B4A63A7E0C6} = {20857974-1AE4-4FE9-8C37-0B4A63A7E0C6}
	EndProjectSection
EndProject
Project("{8BC9CEB8-8B4A-11D0-8D11-00A0C91BC942}") = "compact_enc_det", "compact_enc_det\compact_enc_det.vcxproj", "{20857974-1AE4-4FE9-8C37-0B4A63A7E0C6}"
EndProject
Global
	GlobalSection(SolutionConfigurationPlatforms) = preSolution
		Debug|x64 = Debug|x64
		Debug|x86 = Debug|x86
		Release|x64 = Release|x64
		Release|x86 = Release|x86
	EndGlobalSection
	GlobalSection(ProjectConfigurationPlatforms) = postSolution
		{F47B7EEA-8CFD-4E87-BDE3-86A0AD0695CF}.Debug|x64.ActiveCfg = Debug|x64
		{F47B7EEA-8CFD-4E87-BDE3-86A0AD0695CF}.Debug|x64.Build.0 = Debug|x64
		{F47B7EEA-8CFD-4E87-BDE3-86A0AD0695CF}.Debug|x86.ActiveCfg = Debug|Win32
		{F47B7EEA-8CFD-4E87-BDE3-86A0AD0695CF}.Debug|x86.Build.0 = Debug|Win32
		{F47B7EEA-8CFD-4E87-BDE3-86A0AD0695CF}.Release|x64.ActiveCfg = Release|x64
		{F47B7EEA-8CFD-4E87-BDE3-86A0AD0695CF}.Release|x64.Build.0 = Release|x64
		{F47B7EEA-8CFD-4E87-BDE3-86A0AD0695CF}.Release|x86.ActiveCfg = Release|Win32
		{F47B7EEA-8CFD-4E87-BDE3-86A0AD0695CF}.Release|x86.Build.0 = Release|Win32
		{20857974-1AE4-4FE9-8C37-0B4A63A7E0C6}.Debug|x64.ActiveCfg = Debug|Win32
		{20857974-1AE4-4FE9-8C37-0B4A63A7E0C6}.Debug|x86.ActiveCfg = Debug|Win32
		{20857974-1AE4-4FE9-8C37-0B4A63A7E0C6}.Debug|x86.Build.0 = Debug|Win32
		{20857974-1AE4-4FE9-8C37-0B4A63A7E0C6}.Release|x64.ActiveCfg = Release|Win32
		{20857974-1AE4-4FE9-8C37-0B4A63A7E0C6}.Release|x86.ActiveCfg = Release|Win32
		{20857974-1AE4-4FE9-8C37-0B4A63A7E0C6}.Release|x86.Build.0 = Release|Win32
	EndGlobalSection
	GlobalSection(SolutionProperties) = preSolution
		HideSolutionNode = FALSE
	EndGlobalSection
	GlobalSection(ExtensibilityGlobals) = postSolution
		SolutionGuid = {4D98BAA9-56F8-4E60-AC52-C8C5569AD2A8}
	EndGlobalSection
EndGlobal
